
Microsoft Visual Studio Solution File, Format Version 12.00
# Visual Studio Version 17
VisualStudioVersion = 17.9.34728.123
MinimumVisualStudioVersion = 10.0.40219.1
Project("{888888A0-9F3D-457C-B088-3A5042F75D52}") = "mysite", "mysite.pyproj", "{208A7744-2AF1-47A0-82E7-F4B2AACE0608}"
EndProject
Global
	GlobalSection(SolutionConfigurationPlatforms) = preSolution
		Debug|Any CPU = Debug|Any CPU
		Release|Any CPU = Release|Any CPU
	EndGlobalSection
	GlobalSection(ProjectConfigurationPlatforms) = postSolution
		{208A7744-2AF1-47A0-82E7-F4B2AACE0608}.Debug|Any CPU.ActiveCfg = Debug|Any CPU
		{208A7744-2AF1-47A0-82E7-F4B2AACE0608}.Debug|Any CPU.Build.0 = Debug|Any CPU
		{208A7744-2AF1-47A0-82E7-F4B2AACE0608}.Release|Any CPU.ActiveCfg = Release|Any CPU
		{208A7744-2AF1-47A0-82E7-F4B2AACE0608}.Release|Any CPU.Build.0 = Release|Any CPU
	EndGlobalSection
	GlobalSection(SolutionProperties) = preSolution
		HideSolutionNode = FALSE
	EndGlobalSection
	GlobalSection(ExtensibilityGlobals) = postSolution
		SolutionGuid = {33BEBE46-5A0D-4BC1-96C1-DB53B41BF03E}
	EndGlobalSection
EndGlobal
