
Microsoft Visual Studio Solution File, Format Version 12.00
# Visual Studio Version 17
VisualStudioVersion = 17.9.34728.123
MinimumVisualStudioVersion = 10.0.40219.1
Project("{888888A0-9F3D-457C-B088-3A5042F75D52}") = "databases", "databases.pyproj", "{697C7A65-ED1A-4AD0-855C-E5BFFEAA1F37}"
EndProject
Global
	GlobalSection(SolutionConfigurationPlatforms) = preSolution
		Debug|Any CPU = Debug|Any CPU
		Release|Any CPU = Release|Any CPU
	EndGlobalSection
	GlobalSection(ProjectConfigurationPlatforms) = postSolution
		{697C7A65-ED1A-4AD0-855C-E5BFFEAA1F37}.Debug|Any CPU.ActiveCfg = Debug|Any CPU
		{697C7A65-ED1A-4AD0-855C-E5BFFEAA1F37}.Debug|Any CPU.Build.0 = Debug|Any CPU
		{697C7A65-ED1A-4AD0-855C-E5BFFEAA1F37}.Release|Any CPU.ActiveCfg = Release|Any CPU
		{697C7A65-ED1A-4AD0-855C-E5BFFEAA1F37}.Release|Any CPU.Build.0 = Release|Any CPU
	EndGlobalSection
	GlobalSection(SolutionProperties) = preSolution
		HideSolutionNode = FALSE
	EndGlobalSection
	GlobalSection(ExtensibilityGlobals) = postSolution
		SolutionGuid = {F76BF032-A92C-4B1F-8EAD-6A383B9D176D}
	EndGlobalSection
EndGlobal
